
Microsoft Visual Studio Solution File, Format Version 12.00
# Visual Studio 15
VisualStudioVersion = 15.0.26730.8
MinimumVisualStudioVersion = 10.0.40219.1
Project("{FAE04EC0-301F-11D3-BF4B-00C04F79EFBC}") = "PresentationLayer", "PresentationLayer\PresentationLayer.csproj", "{00F534A6-90D5-4741-8DFA-BF4DC86D6404}"
EndProject
Project("{FAE04EC0-301F-11D3-BF4B-00C04F79EFBC}") = "MobileShop.EntityLayer", "MobileShop.EntityLayer\MobileShop.EntityLayer.csproj", "{484AD1AB-060C-40E5-8E49-2EB5346E7B3D}"
EndProject
Project("{FAE04EC0-301F-11D3-BF4B-00C04F79EFBC}") = "MobileShop.BusinessLayer", "MobileShop.BusinessLayer\MobileShop.BusinessLayer.csproj", "{F3411464-4E99-40A3-98FB-535677DF8985}"
EndProject
Project("{FAE04EC0-301F-11D3-BF4B-00C04F79EFBC}") = "MobileShob.DataAccessLayer", "MobileShob.DataAccessLayer\MobileShob.DataAccessLayer.csproj", "{FEA127D4-8586-4C86-9DDE-6E78B78D506A}"
EndProject
Global
	GlobalSection(SolutionConfigurationPlatforms) = preSolution
		Debug|Any CPU = Debug|Any CPU
		Release|Any CPU = Release|Any CPU
	EndGlobalSection
	GlobalSection(ProjectConfigurationPlatforms) = postSolution
		{00F534A6-90D5-4741-8DFA-BF4DC86D6404}.Debug|Any CPU.ActiveCfg = Debug|Any CPU
		{00F534A6-90D5-4741-8DFA-BF4DC86D6404}.Debug|Any CPU.Build.0 = Debug|Any CPU
		{00F534A6-90D5-4741-8DFA-BF4DC86D6404}.Release|Any CPU.ActiveCfg = Release|Any CPU
		{00F534A6-90D5-4741-8DFA-BF4DC86D6404}.Release|Any CPU.Build.0 = Release|Any CPU
		{484AD1AB-060C-40E5-8E49-2EB5346E7B3D}.Debug|Any CPU.ActiveCfg = Debug|Any CPU
		{484AD1AB-060C-40E5-8E49-2EB5346E7B3D}.Debug|Any CPU.Build.0 = Debug|Any CPU
		{484AD1AB-060C-40E5-8E49-2EB5346E7B3D}.Release|Any CPU.ActiveCfg = Release|Any CPU
		{484AD1AB-060C-40E5-8E49-2EB5346E7B3D}.Release|Any CPU.Build.0 = Release|Any CPU
		{F3411464-4E99-40A3-98FB-535677DF8985}.Debug|Any CPU.ActiveCfg = Debug|Any CPU
		{F3411464-4E99-40A3-98FB-535677DF8985}.Debug|Any CPU.Build.0 = Debug|Any CPU
		{F3411464-4E99-40A3-98FB-535677DF8985}.Release|Any CPU.ActiveCfg = Release|Any CPU
		{F3411464-4E99-40A3-98FB-535677DF8985}.Release|Any CPU.Build.0 = Release|Any CPU
		{FEA127D4-8586-4C86-9DDE-6E78B78D506A}.Debug|Any CPU.ActiveCfg = Debug|Any CPU
		{FEA127D4-8586-4C86-9DDE-6E78B78D506A}.Debug|Any CPU.Build.0 = Debug|Any CPU
		{FEA127D4-8586-4C86-9DDE-6E78B78D506A}.Release|Any CPU.ActiveCfg = Release|Any CPU
		{FEA127D4-8586-4C86-9DDE-6E78B78D506A}.Release|Any CPU.Build.0 = Release|Any CPU
	EndGlobalSection
	GlobalSection(SolutionProperties) = preSolution
		HideSolutionNode = FALSE
	EndGlobalSection
	GlobalSection(ExtensibilityGlobals) = postSolution
		SolutionGuid = {B200BC62-5716-4434-9D97-64CF1287FC33}
	EndGlobalSection
EndGlobal
